
Microsoft Visual Studio Solution File, Format Version 12.00
# Visual Studio Version 17
VisualStudioVersion = 17.13.35825.156
MinimumVisualStudioVersion = 10.0.40219.1
Project("{9A19103F-16F7-4668-BE54-9A1E7A4F7556}") = "WinFormsApp1", "WinFormsApp1\WinFormsApp1.csproj", "{01FA993C-B9E4-47EE-B663-964DB9A4C025}"
EndProject
Project("{2150E333-8FDC-42A3-9474-1A3956D46DE8}") = "Solution Items", "Solution Items", "{FB8BE6E5-19A7-4440-AC44-DE7C8E4EFC44}"
	ProjectSection(SolutionItems) = preProject
		App.config = App.config
	EndProjectSection
EndProject
Global
	GlobalSection(SolutionConfigurationPlatforms) = preSolution
		Debug|Any CPU = Debug|Any CPU
		Release|Any CPU = Release|Any CPU
	EndGlobalSection
	GlobalSection(ProjectConfigurationPlatforms) = postSolution
		{01FA993C-B9E4-47EE-B663-964DB9A4C025}.Debug|Any CPU.ActiveCfg = Debug|Any CPU
		{01FA993C-B9E4-47EE-B663-964DB9A4C025}.Debug|Any CPU.Build.0 = Debug|Any CPU
		{01FA993C-B9E4-47EE-B663-964DB9A4C025}.Release|Any CPU.ActiveCfg = Release|Any CPU
		{01FA993C-B9E4-47EE-B663-964DB9A4C025}.Release|Any CPU.Build.0 = Release|Any CPU
	EndGlobalSection
	GlobalSection(SolutionProperties) = preSolution
		HideSolutionNode = FALSE
	EndGlobalSection
	GlobalSection(ExtensibilityGlobals) = postSolution
		SolutionGuid = {973974F7-5A7A-44E3-AB3E-A371836924CC}
	EndGlobalSection
EndGlobal
